PODS:
  - LocationManager (2.1.0):
    - PromiseKit (~> 6.11)
  - PromiseKit (6.13.1):
    - PromiseKit/CorePromise (= 6.13.1)
    - PromiseKit/Foundation (= 6.13.1)
    - PromiseKit/UIKit (= 6.13.1)
  - PromiseKit/CorePromise (6.13.1)
  - PromiseKit/Foundation (6.13.1):
    - PromiseKit/CorePromise
  - PromiseKit/UIKit (6.13.1):
    - PromiseKit/CorePromise
  - SwiftLint (0.39.2)

DEPENDENCIES:
  - LocationManager (from `../`)
  - PromiseKit (~> 6.11)
  - SwiftLint

SPEC REPOS:
  https://github.com/CocoaPods/Specs.git:
    - PromiseKit
    - SwiftLint

EXTERNAL SOURCES:
  LocationManager:
    :path: "../"

SPEC CHECKSUMS:
  LocationManager: cd2347a717aa8eb14844bd2b50f3b554da0ca487
  PromiseKit: 28fda91c973cc377875d8c0ea4f973013c05b6db
  SwiftLint: 22ccbbe3b8008684be5955693bab135e0ed6a447

PODFILE CHECKSUM: 3a66121934c432e20fbf3d301980f9b37b75179c

COCOAPODS: 1.9.1
