PODS:
  - LocationManager (2.0.1):
    - PromiseKit (~> 6.0)
  - PromiseKit (6.5.2):
    - PromiseKit/CorePromise (= 6.5.2)
    - PromiseKit/Foundation (= 6.5.2)
    - PromiseKit/UIKit (= 6.5.2)
  - PromiseKit/CorePromise (6.5.2)
  - PromiseKit/Foundation (6.5.2):
    - PromiseKit/CorePromise
  - PromiseKit/UIKit (6.5.2):
    - PromiseKit/CorePromise

DEPENDENCIES:
  - LocationManager (from `../`)
  - PromiseKit (~> 6.0)

SPEC REPOS:
  https://github.com/cocoapods/specs.git:
    - PromiseKit

EXTERNAL SOURCES:
  LocationManager:
    :path: "../"

SPEC CHECKSUMS:
  LocationManager: 50f673c57e4394fc19b49646254153fb96e52b9d
  PromiseKit: 27c1601bfb73405871b805bcb8cf7e55c4dad3db

PODFILE CHECKSUM: fb0e67fd662777f3e48be2660977a3207df4a2e1

COCOAPODS: 1.6.0.beta.1
